// !$*UTF8*$!
{
	archiveVersion = 1;
	classes = {
	};
	objectVersion = 46;
	objects = {

/* Begin PBXBuildFile section */
		071FDAF31A83117100DA7E70 /* AppDelegate.swift in Sources */ = {isa = PBXBuildFile; fileRef = 071FDAF21A83117100DA7E70 /* AppDelegate.swift */; };
		071FDAF51A83117100DA7E70 /* ViewController.swift in Sources */ = {isa = PBXBuildFile; fileRef = 071FDAF41A83117100DA7E70 /* ViewController.swift */; };
		071FDAF81A83117100DA7E70 /* Main.storyboard in Resources */ = {isa = PBXBuildFile; fileRef = 071FDAF61A83117100DA7E70 /* Main.storyboard */; };
		071FDAFA1A83117100DA7E70 /* Images.xcassets in Resources */ = {isa = PBXBuildFile; fileRef = 071FDAF91A83117100DA7E70 /* Images.xcassets */; };
		071FDAFD1A83117100DA7E70 /* LaunchScreen.xib in Resources */ = {isa = PBXBuildFile; fileRef = 071FDAFB1A83117100DA7E70 /* LaunchScreen.xib */; };
		071FDB091A83117100DA7E70 /* PostcardTests.swift in Sources */ = {isa = PBXBuildFile; fileRef = 071FDB081A83117100DA7E70 /* PostcardTests.swift */; };
/* End PBXBuildFile section */

/* Begin PBXContainerItemProxy section */
		071FDB031A83117100DA7E70 /* PBXContainerItemProxy */ = {
			isa = PBXContainerItemProxy;
			containerPortal = 071FDAE51A83117100DA7E70 /* Project object */;
			proxyType = 1;
			remoteGlobalIDString = 071FDAEC1A83117100DA7E70;
			remoteInfo = Postcard;
		};
/* End PBXContainerItemProxy section */

/* Begin PBXFileReference section */
		071FDAED1A83117100DA7E70 /* Postcard.app */ = {isa = PBXFileReference; explicitFileType = wrapper.application; includeInIndex = 0; path = Postcard.app; sourceTree = BUILT_PRODUCTS_DIR; };
		071FDAF11A83117100DA7E70 /* Info.plist */ = {isa = PBXFileReference; lastKnownFileType = text.plist.xml; path = Info.plist; sourceTree = "<group>"; };
		071FDAF21A83117100DA7E70 /* AppDelegate.swift */ = {isa = PBXFileReference; lastKnownFileType = sourcecode.swift; path = AppDelegate.swift; sourceTree = "<group>"; };
		071FDAF41A83117100DA7E70 /* ViewController.swift */ = {isa = PBXFileReference; lastKnownFileType = sourcecode.swift; path = ViewController.swift; sourceTree = "<group>"; };
		071FDAF71A83117100DA7E70 /* Base */ = {isa = PBXFileReference; lastKnownFileType = file.storyboard; name = Base; path = Base.lproj/Main.storyboard; sourceTree = "<group>"; };
		071FDAF91A83117100DA7E70 /* Images.xcassets */ = {isa = PBXFileReference; lastKnownFileType = folder.assetcatalog; path = Images.xcassets; sourceTree = "<group>"; };
		071FDAFC1A83117100DA7E70 /* Base */ = {isa = PBXFileReference; lastKnownFileType = file.xib; name = Base; path = Base.lproj/LaunchScreen.xib; sourceTree = "<group>"; };
		071FDB021A83117100DA7E70 /* PostcardTests.xctest */ = {isa = PBXFileReference; explicitFileType = wrapper.cfbundle; includeInIndex = 0; path = PostcardTests.xctest; sourceTree = BUILT_PRODUCTS_DIR; };
		071FDB071A83117100DA7E70 /* Info.plist */ = {isa = PBXFileReference; lastKnownFileType = text.plist.xml; path = Info.plist; sourceTree = "<group>"; };
		071FDB081A83117100DA7E70 /* PostcardTests.swift */ = {isa = PBXFileReference; lastKnownFileType = sourcecode.swift; path = PostcardTests.swift; sourceTree = "<group>"; };
/* End PBXFileReference section */

/* Begin PBXFrameworksBuildPhase section */
		071FDAEA1A83117100DA7E70 /* Frameworks */ = {
			isa = PBXFrameworksBuildPhase;
			buildActionMask = 2147483647;
			files = (
			);
			runOnlyForDeploymentPostprocessing = 0;
		};
		071FDAFF1A83117100DA7E70 /* Frameworks */ = {
			isa = PBXFrameworksBuildPhase;
			buildActionMask = 2147483647;
			files = (
			);
			runOnlyForDeploymentPostprocessing = 0;
		};
/* End PBXFrameworksBuildPhase section */

/* Begin PBXGroup section */
		071FDAE41A83117100DA7E70 = {
			isa = PBXGroup;
			children = (
				071FDAEF1A83117100DA7E70 /* Postcard */,
				071FDB051A83117100DA7E70 /* PostcardTests */,
				071FDAEE1A83117100DA7E70 /* Products */,
			);
			sourceTree = "<group>";
		};
		071FDAEE1A83117100DA7E70 /* Products */ = {
			isa = PBXGroup;
			children = (
				071FDAED1A83117100DA7E70 /* Postcard.app */,
				071FDB021A83117100DA7E70 /* PostcardTests.xctest */,
			);
			name = Products;
			sourceTree = "<group>";
		};
		071FDAEF1A83117100DA7E70 /* Postcard */ = {
			isa = PBXGroup;
			children = (
				071FDAF21A83117100DA7E70 /* AppDelegate.swift */,
				071FDAF41A83117100DA7E70 /* ViewController.swift */,
				071FDAF61A83117100DA7E70 /* Main.storyboard */,
				071FDAF91A83117100DA7E70 /* Images.xcassets */,
				071FDAFB1A83117100DA7E70 /* LaunchScreen.xib */,
				071FDAF01A83117100DA7E70 /* Supporting Files */,
			);
			path = Postcard;
			sourceTree = "<group>";
		};
		071FDAF01A83117100DA7E70 /* Supporting Files */ = {
			isa = PBXGroup;
			children = (
				071FDAF11A83117100DA7E70 /* Info.plist */,
			);
			name = "Supporting Files";
			sourceTree = "<group>";
		};
		071FDB051A83117100DA7E70 /* PostcardTests */ = {
			isa = PBXGroup;
			children = (
				071FDB081A83117100DA7E70 /* PostcardTests.swift */,
				071FDB061A83117100DA7E70 /* Supporting Files */,
			);
			path = PostcardTests;
			sourceTree = "<group>";
		};
		071FDB061A83117100DA7E70 /* Supporting Files */ = {
			isa = PBXGroup;
			children = (
				071FDB071A83117100DA7E70 /* Info.plist */,
			);
			name = "Supporting Files";
			sourceTree = "<group>";
		};
/* End PBXGroup section */

/* Begin PBXNativeTarget section */
		071FDAEC1A83117100DA7E70 /* Postcard */ = {
			isa = PBXNativeTarget;
			buildConfigurationList = 071FDB0C1A83117100DA7E70 /* Build configuration list for PBXNativeTarget "Postcard" */;
			buildPhases = (
				071FDAE91A83117100DA7E70 /* Sources */,
				071FDAEA1A83117100DA7E70 /* Frameworks */,
				071FDAEB1A83117100DA7E70 /* Resources */,
			);
			buildRules = (
			);
			dependencies = (
			);
			name = Postcard;
			productName = Postcard;
			productReference = 071FDAED1A83117100DA7E70 /* Postcard.app */;
			productType = "com.apple.product-type.application";
		};
		071FDB011A83117100DA7E70 /* PostcardTests */ = {
			isa = PBXNativeTarget;
			buildConfigurationList = 071FDB0F1A83117100DA7E70 /* Build configuration list for PBXNativeTarget "PostcardTests" */;
			buildPhases = (
				071FDAFE1A83117100DA7E70 /* Sources */,
				071FDAFF1A83117100DA7E70 /* Frameworks */,
				071FDB001A83117100DA7E70 /* Resources */,
			);
			buildRules = (
			);
			dependencies = (
				071FDB041A83117100DA7E70 /* PBXTargetDependency */,
			);
			name = PostcardTests;
			productName = PostcardTests;
			productReference = 071FDB021A83117100DA7E70 /* PostcardTests.xctest */;
			productType = "com.apple.product-type.bundle.unit-test";
		};
/* End PBXNativeTarget section */

/* Begin PBXProject section */
		071FDAE51A83117100DA7E70 /* Project object */ = {
			isa = PBXProject;
			attributes = {
				LastUpgradeCheck = 0610;
				ORGANIZATIONNAME = pablo;
				TargetAttributes = {
					071FDAEC1A83117100DA7E70 = {
						CreatedOnToolsVersion = 6.1;
					};
					071FDB011A83117100DA7E70 = {
						CreatedOnToolsVersion = 6.1;
						TestTargetID = 071FDAEC1A83117100DA7E70;
					};
				};
			};
			buildConfigurationList = 071FDAE81A83117100DA7E70 /* Build configuration list for PBXProject "Postcard" */;
			compatibilityVersion = "Xcode 3.2";
			developmentRegion = English;
			hasScannedForEncodings = 0;
			knownRegions = (
				en,
				Base,
			);
			mainGroup = 071FDAE41A83117100DA7E70;
			productRefGroup = 071FDAEE1A83117100DA7E70 /* Products */;
			projectDirPath = "";
			projectRoot = "";
			targets = (
				071FDAEC1A83117100DA7E70 /* Postcard */,
				071FDB011A83117100DA7E70 /* PostcardTests */,
			);
		};
/* End PBXProject section */

/* Begin PBXResourcesBuildPhase section */
		071FDAEB1A83117100DA7E70 /* Resources */ = {
			isa = PBXResourcesBuildPhase;
			buildActionMask = 2147483647;
			files = (
				071FDAF81A83117100DA7E70 /* Main.storyboard in Resources */,
				071FDAFD1A83117100DA7E70 /* LaunchScreen.xib in Resources */,
				071FDAFA1A83117100DA7E70 /* Images.xcassets in Resources */,
			);
			runOnlyForDeploymentPostprocessing = 0;
		};
		071FDB001A83117100DA7E70 /* Resources */ = {
			isa = PBXResourcesBuildPhase;
			buildActionMask = 2147483647;
			files = (
			);
			runOnlyForDeploymentPostprocessing = 0;
		};
/* End PBXResourcesBuildPhase section */

/* Begin PBXSourcesBuildPhase section */
		071FDAE91A83117100DA7E70 /* Sources */ = {
			isa = PBXSourcesBuildPhase;
			buildActionMask = 2147483647;
			files = (
				071FDAF51A83117100DA7E70 /* ViewController.swift in Sources */,
				071FDAF31A83117100DA7E70 /* AppDelegate.swift in Sources */,
			);
			runOnlyForDeploymentPostprocessing = 0;
		};
		071FDAFE1A83117100DA7E70 /* Sources */ = {
			isa = PBXSourcesBuildPhase;
			buildActionMask = 2147483647;
			files = (
				071FDB091A83117100DA7E70 /* PostcardTests.swift in Sources */,
			);
			runOnlyForDeploymentPostprocessing = 0;
		};
/* End PBXSourcesBuildPhase section */

/* Begin PBXTargetDependency section */
		071FDB041A83117100DA7E70 /* PBXTargetDependency */ = {
			isa = PBXTargetDependency;
			target = 071FDAEC1A83117100DA7E70 /* Postcard */;
			targetProxy = 071FDB031A83117100DA7E70 /* PBXContainerItemProxy */;
		};
/* End PBXTargetDependency section */

/* Begin PBXVariantGroup section */
		071FDAF61A83117100DA7E70 /* Main.storyboard */ = {
			isa = PBXVariantGroup;
			children = (
				071FDAF71A83117100DA7E70 /* Base */,
			);
			name = Main.storyboard;
			sourceTree = "<group>";
		};
		071FDAFB1A83117100DA7E70 /* LaunchScreen.xib */ = {
			isa = PBXVariantGroup;
			children = (
				071FDAFC1A83117100DA7E70 /* Base */,
			);
			name = LaunchScreen.xib;
			sourceTree = "<group>";
		};
/* End PBXVariantGroup section */

/* Begin XCBuildConfiguration section */
		071FDB0A1A83117100DA7E70 /* Debug */ = {
			isa = XCBuildConfiguration;
			buildSettings = {
				ALWAYS_SEARCH_USER_PATHS = NO;
				CLANG_CXX_LANGUAGE_STANDARD = "gnu++0x";
				CLANG_CXX_LIBRARY = "libc++";
				CLANG_ENABLE_MODULES = YES;
				CLANG_ENABLE_OBJC_ARC = YES;
				CLANG_WARN_BOOL_CONVERSION = YES;
				CLANG_WARN_CONSTANT_CONVERSION = YES;
				CLANG_WARN_DIRECT_OBJC_ISA_USAGE = YES_ERROR;
				CLANG_WARN_EMPTY_BODY = YES;
				CLANG_WARN_ENUM_CONVERSION = YES;
				CLANG_WARN_INT_CONVERSION = YES;
				CLANG_WARN_OBJC_ROOT_CLASS = YES_ERROR;
				CLANG_WARN_UNREACHABLE_CODE = YES;
				CLANG_WARN__DUPLICATE_METHOD_MATCH = YES;
				"CODE_SIGN_IDENTITY[sdk=iphoneos*]" = "iPhone Developer";
				COPY_PHASE_STRIP = NO;
				ENABLE_STRICT_OBJC_MSGSEND = YES;
				GCC_C_LANGUAGE_STANDARD = gnu99;
				GCC_DYNAMIC_NO_PIC = NO;
				GCC_OPTIMIZATION_LEVEL = 0;
				GCC_PREPROCESSOR_DEFINITIONS = (
					"DEBUG=1",
					"$(inherited)",
				);
				GCC_SYMBOLS_PRIVATE_EXTERN = NO;
				GCC_WARN_64_TO_32_BIT_CONVERSION = YES;
				GCC_WARN_ABOUT_RETURN_TYPE = YES_ERROR;
				GCC_WARN_UNDECLARED_SELECTOR = YES;
				GCC_WARN_UNINITIALIZED_AUTOS = YES_AGGRESSIVE;
				GCC_WARN_UNUSED_FUNCTION = YES;
				GCC_WARN_UNUSED_VARIABLE = YES;
				IPHONEOS_DEPLOYMENT_TARGET = 8.1;
				MTL_ENABLE_DEBUG_INFO = YES;
				ONLY_ACTIVE_ARCH = YES;
				SDKROOT = iphoneos;
				SWIFT_OPTIMIZATION_LEVEL = "-Onone";
				TARGETED_DEVICE_FAMILY = "1,2";
			};
			name = Debug;
		};
		071FDB0B1A83117100DA7E70 /* Release */ = {
			isa = XCBuildConfiguration;
			buildSettings = {
				ALWAYS_SEARCH_USER_PATHS = NO;
				CLANG_CXX_LANGUAGE_STANDARD = "gnu++0x";
				CLANG_CXX_LIBRARY = "libc++";
				CLANG_ENABLE_MODULES = YES;
				CLANG_ENABLE_OBJC_ARC = YES;
				CLANG_WARN_BOOL_CONVERSION = YES;
				CLANG_WARN_CONSTANT_CONVERSION = YES;
				CLANG_WARN_DIRECT_OBJC_ISA_USAGE = YES_ERROR;
				CLANG_WARN_EMPTY_BODY = YES;
				CLANG_WARN_ENUM_CONVERSION = YES;
				CLANG_WARN_INT_CONVERSION = YES;
				CLANG_WARN_OBJC_ROOT_CLASS = YES_ERROR;
				CLANG_WARN_UNREACHABLE_CODE = YES;
				CLANG_WARN__DUPLICATE_METHOD_MATCH = YES;
				"CODE_SIGN_IDENTITY[sdk=iphoneos*]" = "iPhone Developer";
				COPY_PHASE_STRIP = YES;
				ENABLE_NS_ASSERTIONS = NO;
				ENABLE_STRICT_OBJC_MSGSEND = YES;
				GCC_C_LANGUAGE_STANDARD = gnu99;
				GCC_WARN_64_TO_32_BIT_CONVERSION = YES;
				GCC_WARN_ABOUT_RETURN_TYPE = YES_ERROR;
				GCC_WARN_UNDECLARED_SELECTOR = YES;
				GCC_WARN_UNINITIALIZED_AUTOS = YES_AGGRESSIVE;
				GCC_WARN_UNUSED_FUNCTION = YES;
				GCC_WARN_UNUSED_VARIABLE = YES;
				IPHONEOS_DEPLOYMENT_TARGET = 8.1;
				MTL_ENABLE_DEBUG_INFO = NO;
				SDKROOT = iphoneos;
				TARGETED_DEVICE_FAMILY = "1,2";
				VALIDATE_PRODUCT = YES;
			};
			name = Release;
		};
		071FDB0D1A83117100DA7E70 /* Debug */ = {
			isa = XCBuildConfiguration;
			buildSettings = {
				ASSETCATALOG_COMPILER_APPICON_NAME = AppIcon;
				INFOPLIST_FILE = Postcard/Info.plist;
				LD_RUNPATH_SEARCH_PATHS = "$(inherited) @executable_path/Frameworks";
				PRODUCT_NAME = "$(TARGET_NAME)";
			};
			name = Debug;
		};
		071FDB0E1A83117100DA7E70 /* Release */ = {
			isa = XCBuildConfiguration;
			buildSettings = {
				ASSETCATALOG_COMPILER_APPICON_NAME = AppIcon;
				INFOPLIST_FILE = Postcard/Info.plist;
				LD_RUNPATH_SEARCH_PATHS = "$(inherited) @executable_path/Frameworks";
				PRODUCT_NAME = "$(TARGET_NAME)";
			};
			name = Release;
		};
		071FDB101A83117100DA7E70 /* Debug */ = {
			isa = XCBuildConfiguration;
			buildSettings = {
				BUNDLE_LOADER = "$(TEST_HOST)";
				FRAMEWORK_SEARCH_PATHS = (
					"$(SDKROOT)/Developer/Library/Frameworks",
					"$(inherited)",
				);
				GCC_PREPROCESSOR_DEFINITIONS = (
					"DEBUG=1",
					"$(inherited)",
				);
				INFOPLIST_FILE = PostcardTests/Info.plist;
				LD_RUNPATH_SEARCH_PATHS = "$(inherited) @executable_path/Frameworks @loader_path/Frameworks";
				PRODUCT_NAME = "$(TARGET_NAME)";
				TEST_HOST = "$(BUILT_PRODUCTS_DIR)/Postcard.app/Postcard";
			};
			name = Debug;
		};
		071FDB111A83117100DA7E70 /* Release */ = {
			isa = XCBuildConfiguration;
			buildSettings = {
				BUNDLE_LOADER = "$(TEST_HOST)";
				FRAMEWORK_SEARCH_PATHS = (
					"$(SDKROOT)/Developer/Library/Frameworks",
					"$(inherited)",
				);
				INFOPLIST_FILE = PostcardTests/Info.plist;
				LD_RUNPATH_SEARCH_PATHS = "$(inherited) @executable_path/Frameworks @loader_path/Frameworks";
				PRODUCT_NAME = "$(TARGET_NAME)";
				TEST_HOST = "$(BUILT_PRODUCTS_DIR)/Postcard.app/Postcard";
			};
			name = Release;
		};
/* End XCBuildConfiguration section */

/* Begin XCConfigurationList section */
		071FDAE81A83117100DA7E70 /* Build configuration list for PBXProject "Postcard" */ = {
			isa = XCConfigurationList;
			buildConfigurations = (
				071FDB0A1A83117100DA7E70 /* Debug */,
				071FDB0B1A83117100DA7E70 /* Release */,
			);
			defaultConfigurationIsVisible = 0;
			defaultConfigurationName = Release;
		};
		071FDB0C1A83117100DA7E70 /* Build configuration list for PBXNativeTarget "Postcard" */ = {
			isa = XCConfigurationList;
			buildConfigurations = (
				071FDB0D1A83117100DA7E70 /* Debug */,
				071FDB0E1A83117100DA7E70 /* Release */,
			);
			defaultConfigurationIsVisible = 0;
		};
		071FDB0F1A83117100DA7E70 /* Build configuration list for PBXNativeTarget "PostcardTests" */ = {
			isa = XCConfigurationList;
			buildConfigurations = (
				071FDB101A83117100DA7E70 /* Debug */,
				071FDB111A83117100DA7E70 /* Release */,
			);
			defaultConfigurationIsVisible = 0;
		};
/* End XCConfigurationList section */
	};
	rootObject = 071FDAE51A83117100DA7E70 /* Project object */;
}
